// !$*UTF8*$!
{
	archiveVersion = 1;
	classes = {
	};
	objectVersion = 48;
	objects = {

/* Begin PBXBuildFile section */
		CA3BF32F204A725B0030AEA1 /* AppDelegate.swift in Sources */ = {isa = PBXBuildFile; fileRef = CA3BF32E204A725B0030AEA1 /* AppDelegate.swift */; };
		CA3BF331204A725B0030AEA1 /* art.scnassets in Resources */ = {isa = PBXBuildFile; fileRef = CA3BF330204A725B0030AEA1 /* art.scnassets */; };
		CA3BF333204A725B0030AEA1 /* ViewController.swift in Sources */ = {isa = PBXBuildFile; fileRef = CA3BF332204A725B0030AEA1 /* ViewController.swift */; };
		CA3BF336204A725B0030AEA1 /* Main.storyboard in Resources */ = {isa = PBXBuildFile; fileRef = CA3BF334204A725B0030AEA1 /* Main.storyboard */; };
		CA3BF338204A725B0030AEA1 /* Assets.xcassets in Resources */ = {isa = PBXBuildFile; fileRef = CA3BF337204A725B0030AEA1 /* Assets.xcassets */; };
		CA3BF33B204A725B0030AEA1 /* LaunchScreen.storyboard in Resources */ = {isa = PBXBuildFile; fileRef = CA3BF339204A725B0030AEA1 /* LaunchScreen.storyboard */; };
/* End PBXBuildFile section */

/* Begin PBXFileReference section */
		CA3BF32B204A725B0030AEA1 /* KamaTheBullet.app */ = {isa = PBXFileReference; explicitFileType = wrapper.application; includeInIndex = 0; path = KamaTheBullet.app; sourceTree = BUILT_PRODUCTS_DIR; };
		CA3BF32E204A725B0030AEA1 /* AppDelegate.swift */ = {isa = PBXFileReference; lastKnownFileType = sourcecode.swift; path = AppDelegate.swift; sourceTree = "<group>"; };
		CA3BF330204A725B0030AEA1 /* art.scnassets */ = {isa = PBXFileReference; lastKnownFileType = wrapper.scnassets; path = art.scnassets; sourceTree = "<group>"; };
		CA3BF332204A725B0030AEA1 /* ViewController.swift */ = {isa = PBXFileReference; lastKnownFileType = sourcecode.swift; path = ViewController.swift; sourceTree = "<group>"; };
		CA3BF335204A725B0030AEA1 /* Base */ = {isa = PBXFileReference; lastKnownFileType = file.storyboard; name = Base; path = Base.lproj/Main.storyboard; sourceTree = "<group>"; };
		CA3BF337204A725B0030AEA1 /* Assets.xcassets */ = {isa = PBXFileReference; lastKnownFileType = folder.assetcatalog; path = Assets.xcassets; sourceTree = "<group>"; };
		CA3BF33A204A725B0030AEA1 /* Base */ = {isa = PBXFileReference; lastKnownFileType = file.storyboard; name = Base; path = Base.lproj/LaunchScreen.storyboard; sourceTree = "<group>"; };
		CA3BF33C204A725B0030AEA1 /* Info.plist */ = {isa = PBXFileReference; lastKnownFileType = text.plist.xml; path = Info.plist; sourceTree = "<group>"; };
/* End PBXFileReference section */

/* Begin PBXFrameworksBuildPhase section */
		CA3BF328204A725B0030AEA1 /* Frameworks */ = {
			isa = PBXFrameworksBuildPhase;
			buildActionMask = 2147483647;
			files = (
			);
			runOnlyForDeploymentPostprocessing = 0;
		};
/* End PBXFrameworksBuildPhase section */

/* Begin PBXGroup section */
		CA3BF322204A725B0030AEA1 = {
			isa = PBXGroup;
			children = (
				CA3BF32D204A725B0030AEA1 /* KamaTheBullet */,
				CA3BF32C204A725B0030AEA1 /* Products */,
			);
			sourceTree = "<group>";
		};
		CA3BF32C204A725B0030AEA1 /* Products */ = {
			isa = PBXGroup;
			children = (
				CA3BF32B204A725B0030AEA1 /* KamaTheBullet.app */,
			);
			name = Products;
			sourceTree = "<group>";
		};
		CA3BF32D204A725B0030AEA1 /* KamaTheBullet */ = {
			isa = PBXGroup;
			children = (
				CA3BF32E204A725B0030AEA1 /* AppDelegate.swift */,
				CA3BF330204A725B0030AEA1 /* art.scnassets */,
				CA3BF332204A725B0030AEA1 /* ViewController.swift */,
				CA3BF334204A725B0030AEA1 /* Main.storyboard */,
				CA3BF337204A725B0030AEA1 /* Assets.xcassets */,
				CA3BF339204A725B0030AEA1 /* LaunchScreen.storyboard */,
				CA3BF33C204A725B0030AEA1 /* Info.plist */,
			);
			path = KamaTheBullet;
			sourceTree = "<group>";
		};
/* End PBXGroup section */

/* Begin PBXNativeTarget section */
		CA3BF32A204A725B0030AEA1 /* KamaTheBullet */ = {
			isa = PBXNativeTarget;
			buildConfigurationList = CA3BF33F204A725B0030AEA1 /* Build configuration list for PBXNativeTarget "KamaTheBullet" */;
			buildPhases = (
				CA3BF327204A725B0030AEA1 /* Sources */,
				CA3BF328204A725B0030AEA1 /* Frameworks */,
				CA3BF329204A725B0030AEA1 /* Resources */,
			);
			buildRules = (
			);
			dependencies = (
			);
			name = KamaTheBullet;
			productName = KamaTheBullet;
			productReference = CA3BF32B204A725B0030AEA1 /* KamaTheBullet.app */;
			productType = "com.apple.product-type.application";
		};
/* End PBXNativeTarget section */

/* Begin PBXProject section */
		CA3BF323204A725B0030AEA1 /* Project object */ = {
			isa = PBXProject;
			attributes = {
				LastSwiftUpdateCheck = 0920;
				LastUpgradeCheck = 0920;
				ORGANIZATIONNAME = kama;
				TargetAttributes = {
					CA3BF32A204A725B0030AEA1 = {
						CreatedOnToolsVersion = 9.2;
						ProvisioningStyle = Automatic;
					};
				};
			};
			buildConfigurationList = CA3BF326204A725B0030AEA1 /* Build configuration list for PBXProject "KamaTheBullet" */;
			compatibilityVersion = "Xcode 8.0";
			developmentRegion = en;
			hasScannedForEncodings = 0;
			knownRegions = (
				en,
				Base,
			);
			mainGroup = CA3BF322204A725B0030AEA1;
			productRefGroup = CA3BF32C204A725B0030AEA1 /* Products */;
			projectDirPath = "";
			projectRoot = "";
			targets = (
				CA3BF32A204A725B0030AEA1 /* KamaTheBullet */,
			);
		};
/* End PBXProject section */

/* Begin PBXResourcesBuildPhase section */
		CA3BF329204A725B0030AEA1 /* Resources */ = {
			isa = PBXResourcesBuildPhase;
			buildActionMask = 2147483647;
			files = (
				CA3BF331204A725B0030AEA1 /* art.scnassets in Resources */,
				CA3BF33B204A725B0030AEA1 /* LaunchScreen.storyboard in Resources */,
				CA3BF338204A725B0030AEA1 /* Assets.xcassets in Resources */,
				CA3BF336204A725B0030AEA1 /* Main.storyboard in Resources */,
			);
			runOnlyForDeploymentPostprocessing = 0;
		};
/* End PBXResourcesBuildPhase section */

/* Begin PBXSourcesBuildPhase section */
		CA3BF327204A725B0030AEA1 /* Sources */ = {
			isa = PBXSourcesBuildPhase;
			buildActionMask = 2147483647;
			files = (
				CA3BF333204A725B0030AEA1 /* ViewController.swift in Sources */,
				CA3BF32F204A725B0030AEA1 /* AppDelegate.swift in Sources */,
			);
			runOnlyForDeploymentPostprocessing = 0;
		};
/* End PBXSourcesBuildPhase section */

/* Begin PBXVariantGroup section */
		CA3BF334204A725B0030AEA1 /* Main.storyboard */ = {
			isa = PBXVariantGroup;
			children = (
				CA3BF335204A725B0030AEA1 /* Base */,
			);
			name = Main.storyboard;
			sourceTree = "<group>";
		};
		CA3BF339204A725B0030AEA1 /* LaunchScreen.storyboard */ = {
			isa = PBXVariantGroup;
			children = (
				CA3BF33A204A725B0030AEA1 /* Base */,
			);
			name = LaunchScreen.storyboard;
			sourceTree = "<group>";
		};
/* End PBXVariantGroup section */

/* Begin XCBuildConfiguration section */
		CA3BF33D204A725B0030AEA1 /* Debug */ = {
			isa = XCBuildConfiguration;
			buildSettings = {
				ALWAYS_SEARCH_USER_PATHS = NO;
				CLANG_ANALYZER_NONNULL = YES;
				CLANG_ANALYZER_NUMBER_OBJECT_CONVERSION = YES_AGGRESSIVE;
				CLANG_CXX_LANGUAGE_STANDARD = "gnu++14";
				CLANG_CXX_LIBRARY = "libc++";
				CLANG_ENABLE_MODULES = YES;
				CLANG_ENABLE_OBJC_ARC = YES;
				CLANG_WARN_BLOCK_CAPTURE_AUTORELEASING = YES;
				CLANG_WARN_BOOL_CONVERSION = YES;
				CLANG_WARN_COMMA = YES;
				CLANG_WARN_CONSTANT_CONVERSION = YES;
				CLANG_WARN_DIRECT_OBJC_ISA_USAGE = YES_ERROR;
				CLANG_WARN_DOCUMENTATION_COMMENTS = YES;
				CLANG_WARN_EMPTY_BODY = YES;
				CLANG_WARN_ENUM_CONVERSION = YES;
				CLANG_WARN_INFINITE_RECURSION = YES;
				CLANG_WARN_INT_CONVERSION = YES;
				CLANG_WARN_NON_LITERAL_NULL_CONVERSION = YES;
				CLANG_WARN_OBJC_LITERAL_CONVERSION = YES;
				CLANG_WARN_OBJC_ROOT_CLASS = YES_ERROR;
				CLANG_WARN_RANGE_LOOP_ANALYSIS = YES;
				CLANG_WARN_STRICT_PROTOTYPES = YES;
				CLANG_WARN_SUSPICIOUS_MOVE = YES;
				CLANG_WARN_UNGUARDED_AVAILABILITY = YES_AGGRESSIVE;
				CLANG_WARN_UNREACHABLE_CODE = YES;
				CLANG_WARN__DUPLICATE_METHOD_MATCH = YES;
				CODE_SIGN_IDENTITY = "iPhone Developer";
				COPY_PHASE_STRIP = NO;
				DEBUG_INFORMATION_FORMAT = dwarf;
				ENABLE_STRICT_OBJC_MSGSEND = YES;
				ENABLE_TESTABILITY = YES;
				GCC_C_LANGUAGE_STANDARD = gnu11;
				GCC_DYNAMIC_NO_PIC = NO;
				GCC_NO_COMMON_BLOCKS = YES;
				GCC_OPTIMIZATION_LEVEL = 0;
				GCC_PREPROCESSOR_DEFINITIONS = (
					"DEBUG=1",
					"$(inherited)",
				);
				GCC_WARN_64_TO_32_BIT_CONVERSION = YES;
				GCC_WARN_ABOUT_RETURN_TYPE = YES_ERROR;
				GCC_WARN_UNDECLARED_SELECTOR = YES;
				GCC_WARN_UNINITIALIZED_AUTOS = YES_AGGRESSIVE;
				GCC_WARN_UNUSED_FUNCTION = YES;
				GCC_WARN_UNUSED_VARIABLE = YES;
				IPHONEOS_DEPLOYMENT_TARGET = 11.2;
				MTL_ENABLE_DEBUG_INFO = YES;
				ONLY_ACTIVE_ARCH = YES;
				SDKROOT = iphoneos;
				SWIFT_ACTIVE_COMPILATION_CONDITIONS = DEBUG;
				SWIFT_OPTIMIZATION_LEVEL = "-Onone";
			};
			name = Debug;
		};
		CA3BF33E204A725B0030AEA1 /* Release */ = {
			isa = XCBuildConfiguration;
			buildSettings = {
				ALWAYS_SEARCH_USER_PATHS = NO;
				CLANG_ANALYZER_NONNULL = YES;
				CLANG_ANALYZER_NUMBER_OBJECT_CONVERSION = YES_AGGRESSIVE;
				CLANG_CXX_LANGUAGE_STANDARD = "gnu++14";
				CLANG_CXX_LIBRARY = "libc++";
				CLANG_ENABLE_MODULES = YES;
				CLANG_ENABLE_OBJC_ARC = YES;
				CLANG_WARN_BLOCK_CAPTURE_AUTORELEASING = YES;
				CLANG_WARN_BOOL_CONVERSION = YES;
				CLANG_WARN_COMMA = YES;
				CLANG_WARN_CONSTANT_CONVERSION = YES;
				CLANG_WARN_DIRECT_OBJC_ISA_USAGE = YES_ERROR;
				CLANG_WARN_DOCUMENTATION_COMMENTS = YES;
				CLANG_WARN_EMPTY_BODY = YES;
				CLANG_WARN_ENUM_CONVERSION = YES;
				CLANG_WARN_INFINITE_RECURSION = YES;
				CLANG_WARN_INT_CONVERSION = YES;
				CLANG_WARN_NON_LITERAL_NULL_CONVERSION = YES;
				CLANG_WARN_OBJC_LITERAL_CONVERSION = YES;
				CLANG_WARN_OBJC_ROOT_CLASS = YES_ERROR;
				CLANG_WARN_RANGE_LOOP_ANALYSIS = YES;
				CLANG_WARN_STRICT_PROTOTYPES = YES;
				CLANG_WARN_SUSPICIOUS_MOVE = YES;
				CLANG_WARN_UNGUARDED_AVAILABILITY = YES_AGGRESSIVE;
				CLANG_WARN_UNREACHABLE_CODE = YES;
				CLANG_WARN__DUPLICATE_METHOD_MATCH = YES;
				CODE_SIGN_IDENTITY = "iPhone Developer";
				COPY_PHASE_STRIP = NO;
				DEBUG_INFORMATION_FORMAT = "dwarf-with-dsym";
				ENABLE_NS_ASSERTIONS = NO;
				ENABLE_STRICT_OBJC_MSGSEND = YES;
				GCC_C_LANGUAGE_STANDARD = gnu11;
				GCC_NO_COMMON_BLOCKS = YES;
				GCC_WARN_64_TO_32_BIT_CONVERSION = YES;
				GCC_WARN_ABOUT_RETURN_TYPE = YES_ERROR;
				GCC_WARN_UNDECLARED_SELECTOR = YES;
				GCC_WARN_UNINITIALIZED_AUTOS = YES_AGGRESSIVE;
				GCC_WARN_UNUSED_FUNCTION = YES;
				GCC_WARN_UNUSED_VARIABLE = YES;
				IPHONEOS_DEPLOYMENT_TARGET = 11.2;
				MTL_ENABLE_DEBUG_INFO = NO;
				SDKROOT = iphoneos;
				SWIFT_OPTIMIZATION_LEVEL = "-Owholemodule";
				VALIDATE_PRODUCT = YES;
			};
			name = Release;
		};
		CA3BF340204A725B0030AEA1 /* Debug */ = {
			isa = XCBuildConfiguration;
			buildSettings = {
				ASSETCATALOG_COMPILER_APPICON_NAME = AppIcon;
				CODE_SIGN_STYLE = Automatic;
				DEVELOPMENT_TEAM = 6KN952WR85;
				INFOPLIST_FILE = KamaTheBullet/Info.plist;
				LD_RUNPATH_SEARCH_PATHS = "$(inherited) @executable_path/Frameworks";
				PRODUCT_BUNDLE_IDENTIFIER = com.env.KamaTheBullet;
				PRODUCT_NAME = "$(TARGET_NAME)";
				SWIFT_VERSION = 4.0;
				TARGETED_DEVICE_FAMILY = "1,2";
			};
			name = Debug;
		};
		CA3BF341204A725B0030AEA1 /* Release */ = {
			isa = XCBuildConfiguration;
			buildSettings = {
				ASSETCATALOG_COMPILER_APPICON_NAME = AppIcon;
				CODE_SIGN_STYLE = Automatic;
				DEVELOPMENT_TEAM = 6KN952WR85;
				INFOPLIST_FILE = KamaTheBullet/Info.plist;
				LD_RUNPATH_SEARCH_PATHS = "$(inherited) @executable_path/Frameworks";
				PRODUCT_BUNDLE_IDENTIFIER = com.env.KamaTheBullet;
				PRODUCT_NAME = "$(TARGET_NAME)";
				SWIFT_VERSION = 4.0;
				TARGETED_DEVICE_FAMILY = "1,2";
			};
			name = Release;
		};
/* End XCBuildConfiguration section */

/* Begin XCConfigurationList section */
		CA3BF326204A725B0030AEA1 /* Build configuration list for PBXProject "KamaTheBullet" */ = {
			isa = XCConfigurationList;
			buildConfigurations = (
				CA3BF33D204A725B0030AEA1 /* Debug */,
				CA3BF33E204A725B0030AEA1 /* Release */,
			);
			defaultConfigurationIsVisible = 0;
			defaultConfigurationName = Release;
		};
		CA3BF33F204A725B0030AEA1 /* Build configuration list for PBXNativeTarget "KamaTheBullet" */ = {
			isa = XCConfigurationList;
			buildConfigurations = (
				CA3BF340204A725B0030AEA1 /* Debug */,
				CA3BF341204A725B0030AEA1 /* Release */,
			);
			defaultConfigurationIsVisible = 0;
			defaultConfigurationName = Release;
		};
/* End XCConfigurationList section */
	};
	rootObject = CA3BF323204A725B0030AEA1 /* Project object */;
}
